
Microsoft Visual Studio Solution File, Format Version 12.00
# Visual Studio Version 16
VisualStudioVersion = 16.0.30804.86
MinimumVisualStudioVersion = 10.0.40219.1
Project("{9A19103F-16F7-4668-BE54-9A1E7A4F7556}") = "SkyrimBatchBuilder", "SkyrimBatchBuilder.csproj", "{B1DB8197-A492-4E13-B3BD-BA4FB78F822F}"
EndProject
Global
	GlobalSection(SolutionConfigurationPlatforms) = preSolution
		Debug|Any CPU = Debug|Any CPU
		Release|Any CPU = Release|Any CPU
	EndGlobalSection
	GlobalSection(ProjectConfigurationPlatforms) = postSolution
		{B1DB8197-A492-4E13-B3BD-BA4FB78F822F}.Debug|Any CPU.ActiveCfg = Debug|Any CPU
		{B1DB8197-A492-4E13-B3BD-BA4FB78F822F}.Debug|Any CPU.Build.0 = Debug|Any CPU
		{B1DB8197-A492-4E13-B3BD-BA4FB78F822F}.Release|Any CPU.ActiveCfg = Release|Any CPU
		{B1DB8197-A492-4E13-B3BD-BA4FB78F822F}.Release|Any CPU.Build.0 = Release|Any CPU
	EndGlobalSection
	GlobalSection(SolutionProperties) = preSolution
		HideSolutionNode = FALSE
	EndGlobalSection
	GlobalSection(ExtensibilityGlobals) = postSolution
		SolutionGuid = {0D4B2E11-E0AF-4232-903D-ABEAE7EC1B60}
	EndGlobalSection
EndGlobal
